# This file is automatically @generated by Cargo.
# It is not intended for manual editing.
version = 4

[[package]]
name = "xs-agent"
version = "0.1.0"
dependencies = [
 "xs-core",
]

[[package]]
name = "xs-cli"
version = "0.1.0"
dependencies = [
 "xs-core",
]

[[package]]
name = "xs-controller"
version = "0.1.0"
dependencies = [
 "xs-core",
]

[[package]]
name = "xs-core"
version = "0.1.0"

[[package]]
name = "xs-relay"
version = "0.1.0"
dependencies = [
 "xs-core",
]
